
Microsoft Visual Studio Solution File, Format Version 12.00
# Visual Studio Version 17
VisualStudioVersion = 17.6.33829.357
MinimumVisualStudioVersion = 10.0.40219.1
Project("{54A90642-561A-4BB1-A94E-469ADEE60C69}") = "RefApp.UI", "RefApp.UI\RefApp.UI.esproj", "{C1A6D003-874B-4D89-831B-853C82B5EBCE}"
EndProject
Project("{9A19103F-16F7-4668-BE54-9A1E7A4F7556}") = "RefApp.API", "RefApp.API\RefApp.API.csproj", "{80EAFA45-902D-46D0-80B0-AB033478B9EF}"
EndProject
Global
	GlobalSection(SolutionConfigurationPlatforms) = preSolution
		Debug|Any CPU = Debug|Any CPU
		Release|Any CPU = Release|Any CPU
	EndGlobalSection
	GlobalSection(ProjectConfigurationPlatforms) = postSolution
		{C1A6D003-874B-4D89-831B-853C82B5EBCE}.Debug|Any CPU.ActiveCfg = Debug|Any CPU
		{C1A6D003-874B-4D89-831B-853C82B5EBCE}.Debug|Any CPU.Build.0 = Debug|Any CPU
		{C1A6D003-874B-4D89-831B-853C82B5EBCE}.Debug|Any CPU.Deploy.0 = Debug|Any CPU
		{C1A6D003-874B-4D89-831B-853C82B5EBCE}.Release|Any CPU.ActiveCfg = Release|Any CPU
		{C1A6D003-874B-4D89-831B-853C82B5EBCE}.Release|Any CPU.Build.0 = Release|Any CPU
		{C1A6D003-874B-4D89-831B-853C82B5EBCE}.Release|Any CPU.Deploy.0 = Release|Any CPU
		{80EAFA45-902D-46D0-80B0-AB033478B9EF}.Debug|Any CPU.ActiveCfg = Debug|Any CPU
		{80EAFA45-902D-46D0-80B0-AB033478B9EF}.Debug|Any CPU.Build.0 = Debug|Any CPU
		{80EAFA45-902D-46D0-80B0-AB033478B9EF}.Release|Any CPU.ActiveCfg = Release|Any CPU
		{80EAFA45-902D-46D0-80B0-AB033478B9EF}.Release|Any CPU.Build.0 = Release|Any CPU
	EndGlobalSection
	GlobalSection(SolutionProperties) = preSolution
		HideSolutionNode = FALSE
	EndGlobalSection
	GlobalSection(ExtensibilityGlobals) = postSolution
		SolutionGuid = {11708A44-8BE8-435E-A8E0-FE6327CE3F33}
	EndGlobalSection
EndGlobal
